
Microsoft Visual Studio Solution File, Format Version 12.00
# Visual Studio Version 17
VisualStudioVersion = 17.4.33213.308
MinimumVisualStudioVersion = 10.0.40219.1
Project("{FAE04EC0-301F-11D3-BF4B-00C04F79EFBC}") = "SalesPersonManager", "SalesPersonManager\SalesPersonManager.csproj", "{053AB225-50DF-46E2-8C93-03145174A37C}"
EndProject
Global
	GlobalSection(SolutionConfigurationPlatforms) = preSolution
		Debug|Any CPU = Debug|Any CPU
		Release|Any CPU = Release|Any CPU
	EndGlobalSection
	GlobalSection(ProjectConfigurationPlatforms) = postSolution
		{053AB225-50DF-46E2-8C93-03145174A37C}.Debug|Any CPU.ActiveCfg = Debug|Any CPU
		{053AB225-50DF-46E2-8C93-03145174A37C}.Debug|Any CPU.Build.0 = Debug|Any CPU
		{053AB225-50DF-46E2-8C93-03145174A37C}.Release|Any CPU.ActiveCfg = Release|Any CPU
		{053AB225-50DF-46E2-8C93-03145174A37C}.Release|Any CPU.Build.0 = Release|Any CPU
	EndGlobalSection
	GlobalSection(SolutionProperties) = preSolution
		HideSolutionNode = FALSE
	EndGlobalSection
	GlobalSection(ExtensibilityGlobals) = postSolution
		SolutionGuid = {DE7D0467-CD52-454F-A08C-BE5E361957FE}
	EndGlobalSection
EndGlobal
