
Microsoft Visual Studio Solution File, Format Version 12.00
# Visual Studio Version 17
VisualStudioVersion = 17.4.33213.308
MinimumVisualStudioVersion = 10.0.40219.1
Project("{FAE04EC0-301F-11D3-BF4B-00C04F79EFBC}") = "SalesManager", "SalesManager\SalesManager.csproj", "{A137A5A1-6AAF-4786-B718-7682620FDC17}"
EndProject
Global
	GlobalSection(SolutionConfigurationPlatforms) = preSolution
		Debug|Any CPU = Debug|Any CPU
		Release|Any CPU = Release|Any CPU
	EndGlobalSection
	GlobalSection(ProjectConfigurationPlatforms) = postSolution
		{A137A5A1-6AAF-4786-B718-7682620FDC17}.Debug|Any CPU.ActiveCfg = Debug|Any CPU
		{A137A5A1-6AAF-4786-B718-7682620FDC17}.Debug|Any CPU.Build.0 = Debug|Any CPU
		{A137A5A1-6AAF-4786-B718-7682620FDC17}.Release|Any CPU.ActiveCfg = Release|Any CPU
		{A137A5A1-6AAF-4786-B718-7682620FDC17}.Release|Any CPU.Build.0 = Release|Any CPU
	EndGlobalSection
	GlobalSection(SolutionProperties) = preSolution
		HideSolutionNode = FALSE
	EndGlobalSection
	GlobalSection(ExtensibilityGlobals) = postSolution
		SolutionGuid = {461C7BF7-4DD3-494A-A4E1-BB3CE40FAF16}
	EndGlobalSection
EndGlobal
