
Microsoft Visual Studio Solution File, Format Version 12.00
# Visual Studio Version 17
VisualStudioVersion = 17.4.33213.308
MinimumVisualStudioVersion = 10.0.40219.1
Project("{FAE04EC0-301F-11D3-BF4B-00C04F79EFBC}") = "CustomerManager", "CustomerManager\CustomerManager.csproj", "{63A599DC-F0BC-4378-B2B4-DE61C40A3049}"
EndProject
Global
	GlobalSection(SolutionConfigurationPlatforms) = preSolution
		Debug|Any CPU = Debug|Any CPU
		Release|Any CPU = Release|Any CPU
	EndGlobalSection
	GlobalSection(ProjectConfigurationPlatforms) = postSolution
		{63A599DC-F0BC-4378-B2B4-DE61C40A3049}.Debug|Any CPU.ActiveCfg = Debug|Any CPU
		{63A599DC-F0BC-4378-B2B4-DE61C40A3049}.Debug|Any CPU.Build.0 = Debug|Any CPU
		{63A599DC-F0BC-4378-B2B4-DE61C40A3049}.Release|Any CPU.ActiveCfg = Release|Any CPU
		{63A599DC-F0BC-4378-B2B4-DE61C40A3049}.Release|Any CPU.Build.0 = Release|Any CPU
	EndGlobalSection
	GlobalSection(SolutionProperties) = preSolution
		HideSolutionNode = FALSE
	EndGlobalSection
	GlobalSection(ExtensibilityGlobals) = postSolution
		SolutionGuid = {4A1BD5DC-E553-4D3F-B545-CBBCA6F3FC5C}
	EndGlobalSection
EndGlobal
